
Microsoft Visual Studio Solution File, Format Version 12.00
# Visual Studio Version 16
VisualStudioVersion = 16.0.29326.143
MinimumVisualStudioVersion = 10.0.40219.1
Project("{9A19103F-16F7-4668-BE54-9A1E7A4F7556}") = "WebApplication3", "WebApplication3.csproj", "{AA577DFE-0F05-466E-A31D-F45021294F74}"
EndProject
Project("{FAE04EC0-301F-11D3-BF4B-00C04F79EFBC}") = "NUnitTestProject2", "..\NUnitTestProject2\NUnitTestProject2.csproj", "{51FB0E53-5A71-4500-B9F0-43133F8633D9}"
EndProject
Project("{2150E333-8FDC-42A3-9474-1A3956D46DE8}") = "Solution Items", "Solution Items", "{459FA928-E584-4661-8C58-F9ED32092B22}"
EndProject
Global
	GlobalSection(SolutionConfigurationPlatforms) = preSolution
		Debug|Any CPU = Debug|Any CPU
		Release|Any CPU = Release|Any CPU
	EndGlobalSection
	GlobalSection(ProjectConfigurationPlatforms) = postSolution
		{AA577DFE-0F05-466E-A31D-F45021294F74}.Debug|Any CPU.ActiveCfg = Debug|Any CPU
		{AA577DFE-0F05-466E-A31D-F45021294F74}.Debug|Any CPU.Build.0 = Debug|Any CPU
		{AA577DFE-0F05-466E-A31D-F45021294F74}.Release|Any CPU.ActiveCfg = Release|Any CPU
		{AA577DFE-0F05-466E-A31D-F45021294F74}.Release|Any CPU.Build.0 = Release|Any CPU
		{51FB0E53-5A71-4500-B9F0-43133F8633D9}.Debug|Any CPU.ActiveCfg = Debug|Any CPU
		{51FB0E53-5A71-4500-B9F0-43133F8633D9}.Debug|Any CPU.Build.0 = Debug|Any CPU
		{51FB0E53-5A71-4500-B9F0-43133F8633D9}.Release|Any CPU.ActiveCfg = Release|Any CPU
		{51FB0E53-5A71-4500-B9F0-43133F8633D9}.Release|Any CPU.Build.0 = Release|Any CPU
	EndGlobalSection
	GlobalSection(SolutionProperties) = preSolution
		HideSolutionNode = FALSE
	EndGlobalSection
	GlobalSection(ExtensibilityGlobals) = postSolution
		SolutionGuid = {AB9EBBE2-BE6A-4493-A873-8E63A0EFE6CA}
	EndGlobalSection
EndGlobal
